<?xml version="1.0" encoding="utf-8"?>
<Project ToolsVersion="4.0" xmlns="http://schemas.microsoft.com/developer/msbuild/2003">
  <ItemGroup>
    <Filter Include="Fichiers sources">
      <UniqueIdentifier>{4FC737F1-C7A5-4376-A066-2A32D752A2FF}</UniqueIdentifier>
      <Extensions>cpp;c;cc;cxx;def;odl;idl;hpj;bat;asm;asmx</Extensions>
    </Filter>
    <Filter Include="Fichiers d%27en-tête">
      <UniqueIdentifier>{93995380-89BD-4b04-88EB-625FBE52EBFB}</UniqueIdentifier>
      <Extensions>h;hh;hpp;hxx;hm;inl;inc;xsd</Extensions>
    </Filter>
    <Filter Include="Fichiers de ressources">
      <UniqueIdentifier>{67DA6AB6-F800-4c08-8B7A-83BB121AAD01}</UniqueIdentifier>
      <Extensions>rc;ico;cur;bmp;dlg;rc2;rct;bin;rgs;gif;jpg;jpeg;jpe;resx;tiff;tif;png;wav;mfcribbon-ms</Extensions>
    </Filter>
    <Filter Include="kernel">
      <UniqueIdentifier>{f006c3f1-aa5c-48b3-b222-9e67accc79fc}</UniqueIdentifier>
    </Filter>
    <Filter Include="kernel\dev">
      <UniqueIdentifier>{f0c651df-a401-437e-b3cd-0bbaf2a744e4}</UniqueIdentifier>
    </Filter>
    <Filter Include="kernel\dev\arch">
      <UniqueIdentifier>{c7568f3d-cb38-4038-9003-990e6d123b28}</UniqueIdentifier>
    </Filter>
    <Filter Include="kernel\dev\arch\win32">
      <UniqueIdentifier>{78cc190c-c536-4d27-9aea-54f1f7dc6e80}</UniqueIdentifier>
    </Filter>
    <Filter Include="kernel\dev\arch\win32\dev-bsp-nu.tube">
      <UniqueIdentifier>{0fd0f958-eba8-4507-8d4e-79499831ced6}</UniqueIdentifier>
    </Filter>
  </ItemGroup>
  <ItemGroup>
    <Text Include="ReadMe.txt" />
  </ItemGroup>
  <ItemGroup>
    <ClCompile Include="..\..\..\..\..\..\..\..\..\..\..\..\..\..\..\tauon\sys\root\src\kernel\dev\arch\win32\dev-bsp-nu.tube\dev_win32_rotary_switch_1.c">
      <Filter>kernel\dev\arch\win32\dev-bsp-nu.tube</Filter>
    </ClCompile>
    <ClCompile Include="..\..\..\..\..\..\..\..\..\..\..\..\..\..\..\tauon\sys\root\src\kernel\dev\arch\win32\dev-bsp-nu.tube\dev_win32_rotary_switch_2.c">
      <Filter>kernel\dev\arch\win32\dev-bsp-nu.tube</Filter>
    </ClCompile>
    <ClCompile Include="..\..\..\..\..\..\..\..\..\..\..\..\..\..\..\tauon\sys\root\src\kernel\dev\arch\win32\dev-bsp-nu.tube\dev_win32_rotary_switch_3.c">
      <Filter>kernel\dev\arch\win32\dev-bsp-nu.tube</Filter>
    </ClCompile>
    <ClCompile Include="..\..\..\..\..\..\..\..\..\..\..\..\..\..\..\tauon\sys\root\src\kernel\dev\arch\win32\dev-bsp-nu.tube\dev_win32_rotary_switch_4.c">
      <Filter>kernel\dev\arch\win32\dev-bsp-nu.tube</Filter>
    </ClCompile>
  </ItemGroup>
</Project>